
Microsoft Visual Studio Solution File, Format Version 12.00
# Visual Studio 15
VisualStudioVersion = 15.0.28307.1231
MinimumVisualStudioVersion = 10.0.40219.1
Project("{FAE04EC0-301F-11D3-BF4B-00C04F79EFBC}") = "QueueString", "QueueString\QueueString.csproj", "{9FDEEEB2-236F-44D3-AEB1-5F4D2B428028}"
EndProject
Global
	GlobalSection(SolutionConfigurationPlatforms) = preSolution
		Debug|Any CPU = Debug|Any CPU
		Release|Any CPU = Release|Any CPU
	EndGlobalSection
	GlobalSection(ProjectConfigurationPlatforms) = postSolution
		{9FDEEEB2-236F-44D3-AEB1-5F4D2B428028}.Debug|Any CPU.ActiveCfg = Debug|Any CPU
		{9FDEEEB2-236F-44D3-AEB1-5F4D2B428028}.Debug|Any CPU.Build.0 = Debug|Any CPU
		{9FDEEEB2-236F-44D3-AEB1-5F4D2B428028}.Release|Any CPU.ActiveCfg = Release|Any CPU
		{9FDEEEB2-236F-44D3-AEB1-5F4D2B428028}.Release|Any CPU.Build.0 = Release|Any CPU
	EndGlobalSection
	GlobalSection(SolutionProperties) = preSolution
		HideSolutionNode = FALSE
	EndGlobalSection
	GlobalSection(ExtensibilityGlobals) = postSolution
		SolutionGuid = {A5DF7674-AD0E-4373-8696-05A9B329E56A}
	EndGlobalSection
EndGlobal
