
Microsoft Visual Studio Solution File, Format Version 12.00
# Visual Studio 15
VisualStudioVersion = 15.0.28307.1800
MinimumVisualStudioVersion = 10.0.40219.1
Project("{FAE04EC0-301F-11D3-BF4B-00C04F79EFBC}") = "ExcellZip", "ExcellZip\ExcellZip.csproj", "{53D84A79-1855-41F9-BE51-26BD71489312}"
EndProject
Global
	GlobalSection(SolutionConfigurationPlatforms) = preSolution
		Debug|Any CPU = Debug|Any CPU
		Release|Any CPU = Release|Any CPU
	EndGlobalSection
	GlobalSection(ProjectConfigurationPlatforms) = postSolution
		{53D84A79-1855-41F9-BE51-26BD71489312}.Debug|Any CPU.ActiveCfg = Debug|Any CPU
		{53D84A79-1855-41F9-BE51-26BD71489312}.Debug|Any CPU.Build.0 = Debug|Any CPU
		{53D84A79-1855-41F9-BE51-26BD71489312}.Release|Any CPU.ActiveCfg = Release|Any CPU
		{53D84A79-1855-41F9-BE51-26BD71489312}.Release|Any CPU.Build.0 = Release|Any CPU
	EndGlobalSection
	GlobalSection(SolutionProperties) = preSolution
		HideSolutionNode = FALSE
	EndGlobalSection
	GlobalSection(ExtensibilityGlobals) = postSolution
		SolutionGuid = {D9E4A4E4-EF1D-41CB-8238-96B1E664BBE7}
	EndGlobalSection
EndGlobal
